// !$*UTF8*$!
{
	archiveVersion = 1;
	classes = {
	};
	objectVersion = 46;
	objects = {

/* Begin PBXBuildFile section */
		00E809A69B86DCC6CA2656A5 /* libPods-HTTPS适配.a in Frameworks */ = {isa = PBXBuildFile; fileRef = B62D08FB64A3E78B57E9C240 /* libPods-HTTPS适配.a */; };
		B3A0AA271E4897480059B72D /* main.m in Sources */ = {isa = PBXBuildFile; fileRef = B3A0AA261E4897480059B72D /* main.m */; };
		B3A0AA2A1E4897480059B72D /* AppDelegate.m in Sources */ = {isa = PBXBuildFile; fileRef = B3A0AA291E4897480059B72D /* AppDelegate.m */; };
		B3A0AA2D1E4897480059B72D /* ViewController.m in Sources */ = {isa = PBXBuildFile; fileRef = B3A0AA2C1E4897480059B72D /* ViewController.m */; };
		B3A0AA301E4897480059B72D /* Main.storyboard in Resources */ = {isa = PBXBuildFile; fileRef = B3A0AA2E1E4897480059B72D /* Main.storyboard */; };
		B3A0AA321E4897480059B72D /* Assets.xcassets in Resources */ = {isa = PBXBuildFile; fileRef = B3A0AA311E4897480059B72D /* Assets.xcassets */; };
		B3A0AA351E4897480059B72D /* LaunchScreen.storyboard in Resources */ = {isa = PBXBuildFile; fileRef = B3A0AA331E4897480059B72D /* LaunchScreen.storyboard */; };
/* End PBXBuildFile section */

/* Begin PBXFileReference section */
		6BCBE78BB10E55EBDF4C3FFD /* Pods-HTTPS适配.release.xcconfig */ = {isa = PBXFileReference; includeInIndex = 1; lastKnownFileType = text.xcconfig; name = "Pods-HTTPS适配.release.xcconfig"; path = "Pods/Target Support Files/Pods-HTTPS适配/Pods-HTTPS适配.release.xcconfig"; sourceTree = "<group>"; };
		B1BE978CFA1F348004230CCB /* Pods-HTTPS适配.debug.xcconfig */ = {isa = PBXFileReference; includeInIndex = 1; lastKnownFileType = text.xcconfig; name = "Pods-HTTPS适配.debug.xcconfig"; path = "Pods/Target Support Files/Pods-HTTPS适配/Pods-HTTPS适配.debug.xcconfig"; sourceTree = "<group>"; };
		B3A0AA221E4897480059B72D /* HTTPS适配.app */ = {isa = PBXFileReference; explicitFileType = wrapper.application; includeInIndex = 0; path = "HTTPS适配.app"; sourceTree = BUILT_PRODUCTS_DIR; };
		B3A0AA261E4897480059B72D /* main.m */ = {isa = PBXFileReference; lastKnownFileType = sourcecode.c.objc; path = main.m; sourceTree = "<group>"; };
		B3A0AA281E4897480059B72D /* AppDelegate.h */ = {isa = PBXFileReference; lastKnownFileType = sourcecode.c.h; path = AppDelegate.h; sourceTree = "<group>"; };
		B3A0AA291E4897480059B72D /* AppDelegate.m */ = {isa = PBXFileReference; lastKnownFileType = sourcecode.c.objc; path = AppDelegate.m; sourceTree = "<group>"; };
		B3A0AA2B1E4897480059B72D /* ViewController.h */ = {isa = PBXFileReference; lastKnownFileType = sourcecode.c.h; path = ViewController.h; sourceTree = "<group>"; };
		B3A0AA2C1E4897480059B72D /* ViewController.m */ = {isa = PBXFileReference; lastKnownFileType = sourcecode.c.objc; path = ViewController.m; sourceTree = "<group>"; };
		B3A0AA2F1E4897480059B72D /* Base */ = {isa = PBXFileReference; lastKnownFileType = file.storyboard; name = Base; path = Base.lproj/Main.storyboard; sourceTree = "<group>"; };
		B3A0AA311E4897480059B72D /* Assets.xcassets */ = {isa = PBXFileReference; lastKnownFileType = folder.assetcatalog; path = Assets.xcassets; sourceTree = "<group>"; };
		B3A0AA341E4897480059B72D /* Base */ = {isa = PBXFileReference; lastKnownFileType = file.storyboard; name = Base; path = Base.lproj/LaunchScreen.storyboard; sourceTree = "<group>"; };
		B3A0AA361E4897480059B72D /* Info.plist */ = {isa = PBXFileReference; lastKnownFileType = text.plist.xml; path = Info.plist; sourceTree = "<group>"; };
		B62D08FB64A3E78B57E9C240 /* libPods-HTTPS适配.a */ = {isa = PBXFileReference; explicitFileType = archive.ar; includeInIndex = 0; path = "libPods-HTTPS适配.a"; sourceTree = BUILT_PRODUCTS_DIR; };
/* End PBXFileReference section */

/* Begin PBXFrameworksBuildPhase section */
		B3A0AA1F1E4897480059B72D /* Frameworks */ = {
			isa = PBXFrameworksBuildPhase;
			buildActionMask = 2147483647;
			files = (
				00E809A69B86DCC6CA2656A5 /* libPods-HTTPS适配.a in Frameworks */,
			);
			runOnlyForDeploymentPostprocessing = 0;
		};
/* End PBXFrameworksBuildPhase section */

/* Begin PBXGroup section */
		79C6D75B5BD265F527A9687D /* Frameworks */ = {
			isa = PBXGroup;
			children = (
				B62D08FB64A3E78B57E9C240 /* libPods-HTTPS适配.a */,
			);
			name = Frameworks;
			sourceTree = "<group>";
		};
		9D5A8FE62F3395232E7CFC7B /* Pods */ = {
			isa = PBXGroup;
			children = (
				B1BE978CFA1F348004230CCB /* Pods-HTTPS适配.debug.xcconfig */,
				6BCBE78BB10E55EBDF4C3FFD /* Pods-HTTPS适配.release.xcconfig */,
			);
			name = Pods;
			sourceTree = "<group>";
		};
		B3A0AA191E4897480059B72D = {
			isa = PBXGroup;
			children = (
				B3A0AA241E4897480059B72D /* HTTPS适配 */,
				B3A0AA231E4897480059B72D /* Products */,
				9D5A8FE62F3395232E7CFC7B /* Pods */,
				79C6D75B5BD265F527A9687D /* Frameworks */,
			);
			sourceTree = "<group>";
		};
		B3A0AA231E4897480059B72D /* Products */ = {
			isa = PBXGroup;
			children = (
				B3A0AA221E4897480059B72D /* HTTPS适配.app */,
			);
			name = Products;
			sourceTree = "<group>";
		};
		B3A0AA241E4897480059B72D /* HTTPS适配 */ = {
			isa = PBXGroup;
			children = (
				B3A0AA281E4897480059B72D /* AppDelegate.h */,
				B3A0AA291E4897480059B72D /* AppDelegate.m */,
				B3A0AA2B1E4897480059B72D /* ViewController.h */,
				B3A0AA2C1E4897480059B72D /* ViewController.m */,
				B3A0AA2E1E4897480059B72D /* Main.storyboard */,
				B3A0AA311E4897480059B72D /* Assets.xcassets */,
				B3A0AA331E4897480059B72D /* LaunchScreen.storyboard */,
				B3A0AA361E4897480059B72D /* Info.plist */,
				B3A0AA251E4897480059B72D /* Supporting Files */,
			);
			path = "HTTPS适配";
			sourceTree = "<group>";
		};
		B3A0AA251E4897480059B72D /* Supporting Files */ = {
			isa = PBXGroup;
			children = (
				B3A0AA261E4897480059B72D /* main.m */,
			);
			name = "Supporting Files";
			sourceTree = "<group>";
		};
/* End PBXGroup section */

/* Begin PBXNativeTarget section */
		B3A0AA211E4897480059B72D /* HTTPS适配 */ = {
			isa = PBXNativeTarget;
			buildConfigurationList = B3A0AA391E4897480059B72D /* Build configuration list for PBXNativeTarget "HTTPS适配" */;
			buildPhases = (
				466C2AAEE2A773188E207FCE /* [CP] Check Pods Manifest.lock */,
				B3A0AA1E1E4897480059B72D /* Sources */,
				B3A0AA1F1E4897480059B72D /* Frameworks */,
				B3A0AA201E4897480059B72D /* Resources */,
				DFB936E96487E6F3985D58F2 /* [CP] Embed Pods Frameworks */,
				88637D9024BBDF13C0E98D0A /* [CP] Copy Pods Resources */,
			);
			buildRules = (
			);
			dependencies = (
			);
			name = "HTTPS适配";
			productName = "HTTPS适配";
			productReference = B3A0AA221E4897480059B72D /* HTTPS适配.app */;
			productType = "com.apple.product-type.application";
		};
/* End PBXNativeTarget section */

/* Begin PBXProject section */
		B3A0AA1A1E4897480059B72D /* Project object */ = {
			isa = PBXProject;
			attributes = {
				LastUpgradeCheck = 0820;
				ORGANIZATIONNAME = arduomeng;
				TargetAttributes = {
					B3A0AA211E4897480059B72D = {
						CreatedOnToolsVersion = 8.2.1;
						ProvisioningStyle = Automatic;
					};
				};
			};
			buildConfigurationList = B3A0AA1D1E4897480059B72D /* Build configuration list for PBXProject "HTTPS适配" */;
			compatibilityVersion = "Xcode 3.2";
			developmentRegion = English;
			hasScannedForEncodings = 0;
			knownRegions = (
				en,
				Base,
			);
			mainGroup = B3A0AA191E4897480059B72D;
			productRefGroup = B3A0AA231E4897480059B72D /* Products */;
			projectDirPath = "";
			projectRoot = "";
			targets = (
				B3A0AA211E4897480059B72D /* HTTPS适配 */,
			);
		};
/* End PBXProject section */

/* Begin PBXResourcesBuildPhase section */
		B3A0AA201E4897480059B72D /* Resources */ = {
			isa = PBXResourcesBuildPhase;
			buildActionMask = 2147483647;
			files = (
				B3A0AA351E4897480059B72D /* LaunchScreen.storyboard in Resources */,
				B3A0AA321E4897480059B72D /* Assets.xcassets in Resources */,
				B3A0AA301E4897480059B72D /* Main.storyboard in Resources */,
			);
			runOnlyForDeploymentPostprocessing = 0;
		};
/* End PBXResourcesBuildPhase section */

/* Begin PBXShellScriptBuildPhase section */
		466C2AAEE2A773188E207FCE /* [CP] Check Pods Manifest.lock */ = {
			isa = PBXShellScriptBuildPhase;
			buildActionMask = 2147483647;
			files = (
			);
			inputPaths = (
			);
			name = "[CP] Check Pods Manifest.lock";
			outputPaths = (
			);
			runOnlyForDeploymentPostprocessing = 0;
			shellPath = /bin/sh;
			shellScript = "diff \"${PODS_ROOT}/../Podfile.lock\" \"${PODS_ROOT}/Manifest.lock\" > /dev/null\nif [ $? != 0 ] ; then\n    # print error to STDERR\n    echo \"error: The sandbox is not in sync with the Podfile.lock. Run 'pod install' or update your CocoaPods installation.\" >&2\n    exit 1\nfi\n";
			showEnvVarsInLog = 0;
		};
		88637D9024BBDF13C0E98D0A /* [CP] Copy Pods Resources */ = {
			isa = PBXShellScriptBuildPhase;
			buildActionMask = 2147483647;
			files = (
			);
			inputPaths = (
			);
			name = "[CP] Copy Pods Resources";
			outputPaths = (
			);
			runOnlyForDeploymentPostprocessing = 0;
			shellPath = /bin/sh;
			shellScript = "\"${SRCROOT}/Pods/Target Support Files/Pods-HTTPS适配/Pods-HTTPS适配-resources.sh\"\n";
			showEnvVarsInLog = 0;
		};
		DFB936E96487E6F3985D58F2 /* [CP] Embed Pods Frameworks */ = {
			isa = PBXShellScriptBuildPhase;
			buildActionMask = 2147483647;
			files = (
			);
			inputPaths = (
			);
			name = "[CP] Embed Pods Frameworks";
			outputPaths = (
			);
			runOnlyForDeploymentPostprocessing = 0;
			shellPath = /bin/sh;
			shellScript = "\"${SRCROOT}/Pods/Target Support Files/Pods-HTTPS适配/Pods-HTTPS适配-frameworks.sh\"\n";
			showEnvVarsInLog = 0;
		};
/* End PBXShellScriptBuildPhase section */

/* Begin PBXSourcesBuildPhase section */
		B3A0AA1E1E4897480059B72D /* Sources */ = {
			isa = PBXSourcesBuildPhase;
			buildActionMask = 2147483647;
			files = (
				B3A0AA2D1E4897480059B72D /* ViewController.m in Sources */,
				B3A0AA2A1E4897480059B72D /* AppDelegate.m in Sources */,
				B3A0AA271E4897480059B72D /* main.m in Sources */,
			);
			runOnlyForDeploymentPostprocessing = 0;
		};
/* End PBXSourcesBuildPhase section */

/* Begin PBXVariantGroup section */
		B3A0AA2E1E4897480059B72D /* Main.storyboard */ = {
			isa = PBXVariantGroup;
			children = (
				B3A0AA2F1E4897480059B72D /* Base */,
			);
			name = Main.storyboard;
			sourceTree = "<group>";
		};
		B3A0AA331E4897480059B72D /* LaunchScreen.storyboard */ = {
			isa = PBXVariantGroup;
			children = (
				B3A0AA341E4897480059B72D /* Base */,
			);
			name = LaunchScreen.storyboard;
			sourceTree = "<group>";
		};
/* End PBXVariantGroup section */

/* Begin XCBuildConfiguration section */
		B3A0AA371E4897480059B72D /* Debug */ = {
			isa = XCBuildConfiguration;
			buildSettings = {
				ALWAYS_SEARCH_USER_PATHS = NO;
				CLANG_ANALYZER_NONNULL = YES;
				CLANG_CXX_LANGUAGE_STANDARD = "gnu++0x";
				CLANG_CXX_LIBRARY = "libc++";
				CLANG_ENABLE_MODULES = YES;
				CLANG_ENABLE_OBJC_ARC = YES;
				CLANG_WARN_BOOL_CONVERSION = YES;
				CLANG_WARN_CONSTANT_CONVERSION = YES;
				CLANG_WARN_DIRECT_OBJC_ISA_USAGE = YES_ERROR;
				CLANG_WARN_DOCUMENTATION_COMMENTS = YES;
				CLANG_WARN_EMPTY_BODY = YES;
				CLANG_WARN_ENUM_CONVERSION = YES;
				CLANG_WARN_INFINITE_RECURSION = YES;
				CLANG_WARN_INT_CONVERSION = YES;
				CLANG_WARN_OBJC_ROOT_CLASS = YES_ERROR;
				CLANG_WARN_SUSPICIOUS_MOVE = YES;
				CLANG_WARN_UNREACHABLE_CODE = YES;
				CLANG_WARN__DUPLICATE_METHOD_MATCH = YES;
				"CODE_SIGN_IDENTITY[sdk=iphoneos*]" = "iPhone Developer";
				COPY_PHASE_STRIP = NO;
				DEBUG_INFORMATION_FORMAT = dwarf;
				ENABLE_STRICT_OBJC_MSGSEND = YES;
				ENABLE_TESTABILITY = YES;
				GCC_C_LANGUAGE_STANDARD = gnu99;
				GCC_DYNAMIC_NO_PIC = NO;
				GCC_NO_COMMON_BLOCKS = YES;
				GCC_OPTIMIZATION_LEVEL = 0;
				GCC_PREPROCESSOR_DEFINITIONS = (
					"DEBUG=1",
					"$(inherited)",
				);
				GCC_WARN_64_TO_32_BIT_CONVERSION = YES;
				GCC_WARN_ABOUT_RETURN_TYPE = YES_ERROR;
				GCC_WARN_UNDECLARED_SELECTOR = YES;
				GCC_WARN_UNINITIALIZED_AUTOS = YES_AGGRESSIVE;
				GCC_WARN_UNUSED_FUNCTION = YES;
				GCC_WARN_UNUSED_VARIABLE = YES;
				IPHONEOS_DEPLOYMENT_TARGET = 10.2;
				MTL_ENABLE_DEBUG_INFO = YES;
				ONLY_ACTIVE_ARCH = YES;
				SDKROOT = iphoneos;
				TARGETED_DEVICE_FAMILY = "1,2";
			};
			name = Debug;
		};
		B3A0AA381E4897480059B72D /* Release */ = {
			isa = XCBuildConfiguration;
			buildSettings = {
				ALWAYS_SEARCH_USER_PATHS = NO;
				CLANG_ANALYZER_NONNULL = YES;
				CLANG_CXX_LANGUAGE_STANDARD = "gnu++0x";
				CLANG_CXX_LIBRARY = "libc++";
				CLANG_ENABLE_MODULES = YES;
				CLANG_ENABLE_OBJC_ARC = YES;
				CLANG_WARN_BOOL_CONVERSION = YES;
				CLANG_WARN_CONSTANT_CONVERSION = YES;
				CLANG_WARN_DIRECT_OBJC_ISA_USAGE = YES_ERROR;
				CLANG_WARN_DOCUMENTATION_COMMENTS = YES;
				CLANG_WARN_EMPTY_BODY = YES;
				CLANG_WARN_ENUM_CONVERSION = YES;
				CLANG_WARN_INFINITE_RECURSION = YES;
				CLANG_WARN_INT_CONVERSION = YES;
				CLANG_WARN_OBJC_ROOT_CLASS = YES_ERROR;
				CLANG_WARN_SUSPICIOUS_MOVE = YES;
				CLANG_WARN_UNREACHABLE_CODE = YES;
				CLANG_WARN__DUPLICATE_METHOD_MATCH = YES;
				"CODE_SIGN_IDENTITY[sdk=iphoneos*]" = "iPhone Developer";
				COPY_PHASE_STRIP = NO;
				DEBUG_INFORMATION_FORMAT = "dwarf-with-dsym";
				ENABLE_NS_ASSERTIONS = NO;
				ENABLE_STRICT_OBJC_MSGSEND = YES;
				GCC_C_LANGUAGE_STANDARD = gnu99;
				GCC_NO_COMMON_BLOCKS = YES;
				GCC_WARN_64_TO_32_BIT_CONVERSION = YES;
				GCC_WARN_ABOUT_RETURN_TYPE = YES_ERROR;
				GCC_WARN_UNDECLARED_SELECTOR = YES;
				GCC_WARN_UNINITIALIZED_AUTOS = YES_AGGRESSIVE;
				GCC_WARN_UNUSED_FUNCTION = YES;
				GCC_WARN_UNUSED_VARIABLE = YES;
				IPHONEOS_DEPLOYMENT_TARGET = 10.2;
				MTL_ENABLE_DEBUG_INFO = NO;
				SDKROOT = iphoneos;
				TARGETED_DEVICE_FAMILY = "1,2";
				VALIDATE_PRODUCT = YES;
			};
			name = Release;
		};
		B3A0AA3A1E4897480059B72D /* Debug */ = {
			isa = XCBuildConfiguration;
			baseConfigurationReference = B1BE978CFA1F348004230CCB /* Pods-HTTPS适配.debug.xcconfig */;
			buildSettings = {
				ASSETCATALOG_COMPILER_APPICON_NAME = AppIcon;
				INFOPLIST_FILE = "HTTPS适配/Info.plist";
				IPHONEOS_DEPLOYMENT_TARGET = 9.0;
				LD_RUNPATH_SEARCH_PATHS = "$(inherited) @executable_path/Frameworks";
				PRODUCT_BUNDLE_IDENTIFIER = "d.HTTPS--";
				PRODUCT_NAME = "$(TARGET_NAME)";
			};
			name = Debug;
		};
		B3A0AA3B1E4897480059B72D /* Release */ = {
			isa = XCBuildConfiguration;
			baseConfigurationReference = 6BCBE78BB10E55EBDF4C3FFD /* Pods-HTTPS适配.release.xcconfig */;
			buildSettings = {
				ASSETCATALOG_COMPILER_APPICON_NAME = AppIcon;
				INFOPLIST_FILE = "HTTPS适配/Info.plist";
				IPHONEOS_DEPLOYMENT_TARGET = 9.0;
				LD_RUNPATH_SEARCH_PATHS = "$(inherited) @executable_path/Frameworks";
				PRODUCT_BUNDLE_IDENTIFIER = "d.HTTPS--";
				PRODUCT_NAME = "$(TARGET_NAME)";
			};
			name = Release;
		};
/* End XCBuildConfiguration section */

/* Begin XCConfigurationList section */
		B3A0AA1D1E4897480059B72D /* Build configuration list for PBXProject "HTTPS适配" */ = {
			isa = XCConfigurationList;
			buildConfigurations = (
				B3A0AA371E4897480059B72D /* Debug */,
				B3A0AA381E4897480059B72D /* Release */,
			);
			defaultConfigurationIsVisible = 0;
			defaultConfigurationName = Release;
		};
		B3A0AA391E4897480059B72D /* Build configuration list for PBXNativeTarget "HTTPS适配" */ = {
			isa = XCConfigurationList;
			buildConfigurations = (
				B3A0AA3A1E4897480059B72D /* Debug */,
				B3A0AA3B1E4897480059B72D /* Release */,
			);
			defaultConfigurationIsVisible = 0;
			defaultConfigurationName = Release;
		};
/* End XCConfigurationList section */
	};
	rootObject = B3A0AA1A1E4897480059B72D /* Project object */;
}
