// !$*UTF8*$!
{
	archiveVersion = 1;
	classes = {
	};
	objectVersion = 46;
	objects = {

/* Begin PBXBuildFile section */
		0BB35C6C1CBE17F800E0E80F /* main.m in Sources */ = {isa = PBXBuildFile; fileRef = 0BB35C6B1CBE17F800E0E80F /* main.m */; };
		0BB35C6F1CBE17F800E0E80F /* AppDelegate.m in Sources */ = {isa = PBXBuildFile; fileRef = 0BB35C6E1CBE17F800E0E80F /* AppDelegate.m */; };
		0BB35C721CBE17F800E0E80F /* ViewController.m in Sources */ = {isa = PBXBuildFile; fileRef = 0BB35C711CBE17F800E0E80F /* ViewController.m */; };
		0BB35C751CBE17F800E0E80F /* Main.storyboard in Resources */ = {isa = PBXBuildFile; fileRef = 0BB35C731CBE17F800E0E80F /* Main.storyboard */; };
		0BB35C771CBE17F800E0E80F /* Assets.xcassets in Resources */ = {isa = PBXBuildFile; fileRef = 0BB35C761CBE17F800E0E80F /* Assets.xcassets */; };
		0BB35C7A1CBE17F800E0E80F /* LaunchScreen.storyboard in Resources */ = {isa = PBXBuildFile; fileRef = 0BB35C781CBE17F800E0E80F /* LaunchScreen.storyboard */; };
		0BB35C851CBE17F900E0E80F /* NSURLConnectionTests.m in Sources */ = {isa = PBXBuildFile; fileRef = 0BB35C841CBE17F900E0E80F /* NSURLConnectionTests.m */; };
		0BB35C901CBE17F900E0E80F /* NSURLConnectionUITests.m in Sources */ = {isa = PBXBuildFile; fileRef = 0BB35C8F1CBE17F900E0E80F /* NSURLConnectionUITests.m */; };
/* End PBXBuildFile section */

/* Begin PBXContainerItemProxy section */
		0BB35C811CBE17F900E0E80F /* PBXContainerItemProxy */ = {
			isa = PBXContainerItemProxy;
			containerPortal = 0BB35C5F1CBE17F800E0E80F /* Project object */;
			proxyType = 1;
			remoteGlobalIDString = 0BB35C661CBE17F800E0E80F;
			remoteInfo = NSURLConnection;
		};
		0BB35C8C1CBE17F900E0E80F /* PBXContainerItemProxy */ = {
			isa = PBXContainerItemProxy;
			containerPortal = 0BB35C5F1CBE17F800E0E80F /* Project object */;
			proxyType = 1;
			remoteGlobalIDString = 0BB35C661CBE17F800E0E80F;
			remoteInfo = NSURLConnection;
		};
/* End PBXContainerItemProxy section */

/* Begin PBXFileReference section */
		0BB35C671CBE17F800E0E80F /* NSURLConnection.app */ = {isa = PBXFileReference; explicitFileType = wrapper.application; includeInIndex = 0; path = NSURLConnection.app; sourceTree = BUILT_PRODUCTS_DIR; };
		0BB35C6B1CBE17F800E0E80F /* main.m */ = {isa = PBXFileReference; lastKnownFileType = sourcecode.c.objc; path = main.m; sourceTree = "<group>"; };
		0BB35C6D1CBE17F800E0E80F /* AppDelegate.h */ = {isa = PBXFileReference; lastKnownFileType = sourcecode.c.h; path = AppDelegate.h; sourceTree = "<group>"; };
		0BB35C6E1CBE17F800E0E80F /* AppDelegate.m */ = {isa = PBXFileReference; lastKnownFileType = sourcecode.c.objc; path = AppDelegate.m; sourceTree = "<group>"; };
		0BB35C701CBE17F800E0E80F /* ViewController.h */ = {isa = PBXFileReference; lastKnownFileType = sourcecode.c.h; path = ViewController.h; sourceTree = "<group>"; };
		0BB35C711CBE17F800E0E80F /* ViewController.m */ = {isa = PBXFileReference; lastKnownFileType = sourcecode.c.objc; path = ViewController.m; sourceTree = "<group>"; };
		0BB35C741CBE17F800E0E80F /* Base */ = {isa = PBXFileReference; lastKnownFileType = file.storyboard; name = Base; path = Base.lproj/Main.storyboard; sourceTree = "<group>"; };
		0BB35C761CBE17F800E0E80F /* Assets.xcassets */ = {isa = PBXFileReference; lastKnownFileType = folder.assetcatalog; path = Assets.xcassets; sourceTree = "<group>"; };
		0BB35C791CBE17F800E0E80F /* Base */ = {isa = PBXFileReference; lastKnownFileType = file.storyboard; name = Base; path = Base.lproj/LaunchScreen.storyboard; sourceTree = "<group>"; };
		0BB35C7B1CBE17F800E0E80F /* Info.plist */ = {isa = PBXFileReference; lastKnownFileType = text.plist.xml; path = Info.plist; sourceTree = "<group>"; };
		0BB35C801CBE17F900E0E80F /* NSURLConnectionTests.xctest */ = {isa = PBXFileReference; explicitFileType = wrapper.cfbundle; includeInIndex = 0; path = NSURLConnectionTests.xctest; sourceTree = BUILT_PRODUCTS_DIR; };
		0BB35C841CBE17F900E0E80F /* NSURLConnectionTests.m */ = {isa = PBXFileReference; lastKnownFileType = sourcecode.c.objc; path = NSURLConnectionTests.m; sourceTree = "<group>"; };
		0BB35C861CBE17F900E0E80F /* Info.plist */ = {isa = PBXFileReference; lastKnownFileType = text.plist.xml; path = Info.plist; sourceTree = "<group>"; };
		0BB35C8B1CBE17F900E0E80F /* NSURLConnectionUITests.xctest */ = {isa = PBXFileReference; explicitFileType = wrapper.cfbundle; includeInIndex = 0; path = NSURLConnectionUITests.xctest; sourceTree = BUILT_PRODUCTS_DIR; };
		0BB35C8F1CBE17F900E0E80F /* NSURLConnectionUITests.m */ = {isa = PBXFileReference; lastKnownFileType = sourcecode.c.objc; path = NSURLConnectionUITests.m; sourceTree = "<group>"; };
		0BB35C911CBE17F900E0E80F /* Info.plist */ = {isa = PBXFileReference; lastKnownFileType = text.plist.xml; path = Info.plist; sourceTree = "<group>"; };
/* End PBXFileReference section */

/* Begin PBXFrameworksBuildPhase section */
		0BB35C641CBE17F800E0E80F /* Frameworks */ = {
			isa = PBXFrameworksBuildPhase;
			buildActionMask = 2147483647;
			files = (
			);
			runOnlyForDeploymentPostprocessing = 0;
		};
		0BB35C7D1CBE17F900E0E80F /* Frameworks */ = {
			isa = PBXFrameworksBuildPhase;
			buildActionMask = 2147483647;
			files = (
			);
			runOnlyForDeploymentPostprocessing = 0;
		};
		0BB35C881CBE17F900E0E80F /* Frameworks */ = {
			isa = PBXFrameworksBuildPhase;
			buildActionMask = 2147483647;
			files = (
			);
			runOnlyForDeploymentPostprocessing = 0;
		};
/* End PBXFrameworksBuildPhase section */

/* Begin PBXGroup section */
		0BB35C5E1CBE17F800E0E80F = {
			isa = PBXGroup;
			children = (
				0BB35C691CBE17F800E0E80F /* NSURLConnection */,
				0BB35C831CBE17F900E0E80F /* NSURLConnectionTests */,
				0BB35C8E1CBE17F900E0E80F /* NSURLConnectionUITests */,
				0BB35C681CBE17F800E0E80F /* Products */,
			);
			sourceTree = "<group>";
		};
		0BB35C681CBE17F800E0E80F /* Products */ = {
			isa = PBXGroup;
			children = (
				0BB35C671CBE17F800E0E80F /* NSURLConnection.app */,
				0BB35C801CBE17F900E0E80F /* NSURLConnectionTests.xctest */,
				0BB35C8B1CBE17F900E0E80F /* NSURLConnectionUITests.xctest */,
			);
			name = Products;
			sourceTree = "<group>";
		};
		0BB35C691CBE17F800E0E80F /* NSURLConnection */ = {
			isa = PBXGroup;
			children = (
				0BB35C6D1CBE17F800E0E80F /* AppDelegate.h */,
				0BB35C6E1CBE17F800E0E80F /* AppDelegate.m */,
				0BB35C701CBE17F800E0E80F /* ViewController.h */,
				0BB35C711CBE17F800E0E80F /* ViewController.m */,
				0BB35C731CBE17F800E0E80F /* Main.storyboard */,
				0BB35C761CBE17F800E0E80F /* Assets.xcassets */,
				0BB35C781CBE17F800E0E80F /* LaunchScreen.storyboard */,
				0BB35C7B1CBE17F800E0E80F /* Info.plist */,
				0BB35C6A1CBE17F800E0E80F /* Supporting Files */,
			);
			path = NSURLConnection;
			sourceTree = "<group>";
		};
		0BB35C6A1CBE17F800E0E80F /* Supporting Files */ = {
			isa = PBXGroup;
			children = (
				0BB35C6B1CBE17F800E0E80F /* main.m */,
			);
			name = "Supporting Files";
			sourceTree = "<group>";
		};
		0BB35C831CBE17F900E0E80F /* NSURLConnectionTests */ = {
			isa = PBXGroup;
			children = (
				0BB35C841CBE17F900E0E80F /* NSURLConnectionTests.m */,
				0BB35C861CBE17F900E0E80F /* Info.plist */,
			);
			path = NSURLConnectionTests;
			sourceTree = "<group>";
		};
		0BB35C8E1CBE17F900E0E80F /* NSURLConnectionUITests */ = {
			isa = PBXGroup;
			children = (
				0BB35C8F1CBE17F900E0E80F /* NSURLConnectionUITests.m */,
				0BB35C911CBE17F900E0E80F /* Info.plist */,
			);
			path = NSURLConnectionUITests;
			sourceTree = "<group>";
		};
/* End PBXGroup section */

/* Begin PBXNativeTarget section */
		0BB35C661CBE17F800E0E80F /* NSURLConnection */ = {
			isa = PBXNativeTarget;
			buildConfigurationList = 0BB35C941CBE17F900E0E80F /* Build configuration list for PBXNativeTarget "NSURLConnection" */;
			buildPhases = (
				0BB35C631CBE17F800E0E80F /* Sources */,
				0BB35C641CBE17F800E0E80F /* Frameworks */,
				0BB35C651CBE17F800E0E80F /* Resources */,
			);
			buildRules = (
			);
			dependencies = (
			);
			name = NSURLConnection;
			productName = NSURLConnection;
			productReference = 0BB35C671CBE17F800E0E80F /* NSURLConnection.app */;
			productType = "com.apple.product-type.application";
		};
		0BB35C7F1CBE17F900E0E80F /* NSURLConnectionTests */ = {
			isa = PBXNativeTarget;
			buildConfigurationList = 0BB35C971CBE17F900E0E80F /* Build configuration list for PBXNativeTarget "NSURLConnectionTests" */;
			buildPhases = (
				0BB35C7C1CBE17F900E0E80F /* Sources */,
				0BB35C7D1CBE17F900E0E80F /* Frameworks */,
				0BB35C7E1CBE17F900E0E80F /* Resources */,
			);
			buildRules = (
			);
			dependencies = (
				0BB35C821CBE17F900E0E80F /* PBXTargetDependency */,
			);
			name = NSURLConnectionTests;
			productName = NSURLConnectionTests;
			productReference = 0BB35C801CBE17F900E0E80F /* NSURLConnectionTests.xctest */;
			productType = "com.apple.product-type.bundle.unit-test";
		};
		0BB35C8A1CBE17F900E0E80F /* NSURLConnectionUITests */ = {
			isa = PBXNativeTarget;
			buildConfigurationList = 0BB35C9A1CBE17F900E0E80F /* Build configuration list for PBXNativeTarget "NSURLConnectionUITests" */;
			buildPhases = (
				0BB35C871CBE17F900E0E80F /* Sources */,
				0BB35C881CBE17F900E0E80F /* Frameworks */,
				0BB35C891CBE17F900E0E80F /* Resources */,
			);
			buildRules = (
			);
			dependencies = (
				0BB35C8D1CBE17F900E0E80F /* PBXTargetDependency */,
			);
			name = NSURLConnectionUITests;
			productName = NSURLConnectionUITests;
			productReference = 0BB35C8B1CBE17F900E0E80F /* NSURLConnectionUITests.xctest */;
			productType = "com.apple.product-type.bundle.ui-testing";
		};
/* End PBXNativeTarget section */

/* Begin PBXProject section */
		0BB35C5F1CBE17F800E0E80F /* Project object */ = {
			isa = PBXProject;
			attributes = {
				LastUpgradeCheck = 0730;
				ORGANIZATIONNAME = Apple;
				TargetAttributes = {
					0BB35C661CBE17F800E0E80F = {
						CreatedOnToolsVersion = 7.3;
					};
					0BB35C7F1CBE17F900E0E80F = {
						CreatedOnToolsVersion = 7.3;
						TestTargetID = 0BB35C661CBE17F800E0E80F;
					};
					0BB35C8A1CBE17F900E0E80F = {
						CreatedOnToolsVersion = 7.3;
						TestTargetID = 0BB35C661CBE17F800E0E80F;
					};
				};
			};
			buildConfigurationList = 0BB35C621CBE17F800E0E80F /* Build configuration list for PBXProject "NSURLConnection" */;
			compatibilityVersion = "Xcode 3.2";
			developmentRegion = English;
			hasScannedForEncodings = 0;
			knownRegions = (
				en,
				Base,
			);
			mainGroup = 0BB35C5E1CBE17F800E0E80F;
			productRefGroup = 0BB35C681CBE17F800E0E80F /* Products */;
			projectDirPath = "";
			projectRoot = "";
			targets = (
				0BB35C661CBE17F800E0E80F /* NSURLConnection */,
				0BB35C7F1CBE17F900E0E80F /* NSURLConnectionTests */,
				0BB35C8A1CBE17F900E0E80F /* NSURLConnectionUITests */,
			);
		};
/* End PBXProject section */

/* Begin PBXResourcesBuildPhase section */
		0BB35C651CBE17F800E0E80F /* Resources */ = {
			isa = PBXResourcesBuildPhase;
			buildActionMask = 2147483647;
			files = (
				0BB35C7A1CBE17F800E0E80F /* LaunchScreen.storyboard in Resources */,
				0BB35C771CBE17F800E0E80F /* Assets.xcassets in Resources */,
				0BB35C751CBE17F800E0E80F /* Main.storyboard in Resources */,
			);
			runOnlyForDeploymentPostprocessing = 0;
		};
		0BB35C7E1CBE17F900E0E80F /* Resources */ = {
			isa = PBXResourcesBuildPhase;
			buildActionMask = 2147483647;
			files = (
			);
			runOnlyForDeploymentPostprocessing = 0;
		};
		0BB35C891CBE17F900E0E80F /* Resources */ = {
			isa = PBXResourcesBuildPhase;
			buildActionMask = 2147483647;
			files = (
			);
			runOnlyForDeploymentPostprocessing = 0;
		};
/* End PBXResourcesBuildPhase section */

/* Begin PBXSourcesBuildPhase section */
		0BB35C631CBE17F800E0E80F /* Sources */ = {
			isa = PBXSourcesBuildPhase;
			buildActionMask = 2147483647;
			files = (
				0BB35C721CBE17F800E0E80F /* ViewController.m in Sources */,
				0BB35C6F1CBE17F800E0E80F /* AppDelegate.m in Sources */,
				0BB35C6C1CBE17F800E0E80F /* main.m in Sources */,
			);
			runOnlyForDeploymentPostprocessing = 0;
		};
		0BB35C7C1CBE17F900E0E80F /* Sources */ = {
			isa = PBXSourcesBuildPhase;
			buildActionMask = 2147483647;
			files = (
				0BB35C851CBE17F900E0E80F /* NSURLConnectionTests.m in Sources */,
			);
			runOnlyForDeploymentPostprocessing = 0;
		};
		0BB35C871CBE17F900E0E80F /* Sources */ = {
			isa = PBXSourcesBuildPhase;
			buildActionMask = 2147483647;
			files = (
				0BB35C901CBE17F900E0E80F /* NSURLConnectionUITests.m in Sources */,
			);
			runOnlyForDeploymentPostprocessing = 0;
		};
/* End PBXSourcesBuildPhase section */

/* Begin PBXTargetDependency section */
		0BB35C821CBE17F900E0E80F /* PBXTargetDependency */ = {
			isa = PBXTargetDependency;
			target = 0BB35C661CBE17F800E0E80F /* NSURLConnection */;
			targetProxy = 0BB35C811CBE17F900E0E80F /* PBXContainerItemProxy */;
		};
		0BB35C8D1CBE17F900E0E80F /* PBXTargetDependency */ = {
			isa = PBXTargetDependency;
			target = 0BB35C661CBE17F800E0E80F /* NSURLConnection */;
			targetProxy = 0BB35C8C1CBE17F900E0E80F /* PBXContainerItemProxy */;
		};
/* End PBXTargetDependency section */

/* Begin PBXVariantGroup section */
		0BB35C731CBE17F800E0E80F /* Main.storyboard */ = {
			isa = PBXVariantGroup;
			children = (
				0BB35C741CBE17F800E0E80F /* Base */,
			);
			name = Main.storyboard;
			sourceTree = "<group>";
		};
		0BB35C781CBE17F800E0E80F /* LaunchScreen.storyboard */ = {
			isa = PBXVariantGroup;
			children = (
				0BB35C791CBE17F800E0E80F /* Base */,
			);
			name = LaunchScreen.storyboard;
			sourceTree = "<group>";
		};
/* End PBXVariantGroup section */

/* Begin XCBuildConfiguration section */
		0BB35C921CBE17F900E0E80F /* Debug */ = {
			isa = XCBuildConfiguration;
			buildSettings = {
				ALWAYS_SEARCH_USER_PATHS = NO;
				CLANG_ANALYZER_NONNULL = YES;
				CLANG_CXX_LANGUAGE_STANDARD = "gnu++0x";
				CLANG_CXX_LIBRARY = "libc++";
				CLANG_ENABLE_MODULES = YES;
				CLANG_ENABLE_OBJC_ARC = YES;
				CLANG_WARN_BOOL_CONVERSION = YES;
				CLANG_WARN_CONSTANT_CONVERSION = YES;
				CLANG_WARN_DIRECT_OBJC_ISA_USAGE = YES_ERROR;
				CLANG_WARN_EMPTY_BODY = YES;
				CLANG_WARN_ENUM_CONVERSION = YES;
				CLANG_WARN_INT_CONVERSION = YES;
				CLANG_WARN_OBJC_ROOT_CLASS = YES_ERROR;
				CLANG_WARN_UNREACHABLE_CODE = YES;
				CLANG_WARN__DUPLICATE_METHOD_MATCH = YES;
				"CODE_SIGN_IDENTITY[sdk=iphoneos*]" = "iPhone Developer";
				COPY_PHASE_STRIP = NO;
				DEBUG_INFORMATION_FORMAT = dwarf;
				ENABLE_STRICT_OBJC_MSGSEND = YES;
				ENABLE_TESTABILITY = YES;
				GCC_C_LANGUAGE_STANDARD = gnu99;
				GCC_DYNAMIC_NO_PIC = NO;
				GCC_NO_COMMON_BLOCKS = YES;
				GCC_OPTIMIZATION_LEVEL = 0;
				GCC_PREPROCESSOR_DEFINITIONS = (
					"DEBUG=1",
					"$(inherited)",
				);
				GCC_WARN_64_TO_32_BIT_CONVERSION = YES;
				GCC_WARN_ABOUT_RETURN_TYPE = YES_ERROR;
				GCC_WARN_UNDECLARED_SELECTOR = YES;
				GCC_WARN_UNINITIALIZED_AUTOS = YES_AGGRESSIVE;
				GCC_WARN_UNUSED_FUNCTION = YES;
				GCC_WARN_UNUSED_VARIABLE = YES;
				IPHONEOS_DEPLOYMENT_TARGET = 9.3;
				MTL_ENABLE_DEBUG_INFO = YES;
				ONLY_ACTIVE_ARCH = YES;
				SDKROOT = iphoneos;
				TARGETED_DEVICE_FAMILY = "1,2";
			};
			name = Debug;
		};
		0BB35C931CBE17F900E0E80F /* Release */ = {
			isa = XCBuildConfiguration;
			buildSettings = {
				ALWAYS_SEARCH_USER_PATHS = NO;
				CLANG_ANALYZER_NONNULL = YES;
				CLANG_CXX_LANGUAGE_STANDARD = "gnu++0x";
				CLANG_CXX_LIBRARY = "libc++";
				CLANG_ENABLE_MODULES = YES;
				CLANG_ENABLE_OBJC_ARC = YES;
				CLANG_WARN_BOOL_CONVERSION = YES;
				CLANG_WARN_CONSTANT_CONVERSION = YES;
				CLANG_WARN_DIRECT_OBJC_ISA_USAGE = YES_ERROR;
				CLANG_WARN_EMPTY_BODY = YES;
				CLANG_WARN_ENUM_CONVERSION = YES;
				CLANG_WARN_INT_CONVERSION = YES;
				CLANG_WARN_OBJC_ROOT_CLASS = YES_ERROR;
				CLANG_WARN_UNREACHABLE_CODE = YES;
				CLANG_WARN__DUPLICATE_METHOD_MATCH = YES;
				"CODE_SIGN_IDENTITY[sdk=iphoneos*]" = "iPhone Developer";
				COPY_PHASE_STRIP = NO;
				DEBUG_INFORMATION_FORMAT = "dwarf-with-dsym";
				ENABLE_NS_ASSERTIONS = NO;
				ENABLE_STRICT_OBJC_MSGSEND = YES;
				GCC_C_LANGUAGE_STANDARD = gnu99;
				GCC_NO_COMMON_BLOCKS = YES;
				GCC_WARN_64_TO_32_BIT_CONVERSION = YES;
				GCC_WARN_ABOUT_RETURN_TYPE = YES_ERROR;
				GCC_WARN_UNDECLARED_SELECTOR = YES;
				GCC_WARN_UNINITIALIZED_AUTOS = YES_AGGRESSIVE;
				GCC_WARN_UNUSED_FUNCTION = YES;
				GCC_WARN_UNUSED_VARIABLE = YES;
				IPHONEOS_DEPLOYMENT_TARGET = 9.3;
				MTL_ENABLE_DEBUG_INFO = NO;
				SDKROOT = iphoneos;
				TARGETED_DEVICE_FAMILY = "1,2";
				VALIDATE_PRODUCT = YES;
			};
			name = Release;
		};
		0BB35C951CBE17F900E0E80F /* Debug */ = {
			isa = XCBuildConfiguration;
			buildSettings = {
				ASSETCATALOG_COMPILER_APPICON_NAME = AppIcon;
				INFOPLIST_FILE = NSURLConnection/Info.plist;
				LD_RUNPATH_SEARCH_PATHS = "$(inherited) @executable_path/Frameworks";
				PRODUCT_BUNDLE_IDENTIFIER = com.lcs.www.NSURLConnection;
				PRODUCT_NAME = "$(TARGET_NAME)";
			};
			name = Debug;
		};
		0BB35C961CBE17F900E0E80F /* Release */ = {
			isa = XCBuildConfiguration;
			buildSettings = {
				ASSETCATALOG_COMPILER_APPICON_NAME = AppIcon;
				INFOPLIST_FILE = NSURLConnection/Info.plist;
				LD_RUNPATH_SEARCH_PATHS = "$(inherited) @executable_path/Frameworks";
				PRODUCT_BUNDLE_IDENTIFIER = com.lcs.www.NSURLConnection;
				PRODUCT_NAME = "$(TARGET_NAME)";
			};
			name = Release;
		};
		0BB35C981CBE17F900E0E80F /* Debug */ = {
			isa = XCBuildConfiguration;
			buildSettings = {
				BUNDLE_LOADER = "$(TEST_HOST)";
				INFOPLIST_FILE = NSURLConnectionTests/Info.plist;
				LD_RUNPATH_SEARCH_PATHS = "$(inherited) @executable_path/Frameworks @loader_path/Frameworks";
				PRODUCT_BUNDLE_IDENTIFIER = com.lcs.www.NSURLConnectionTests;
				PRODUCT_NAME = "$(TARGET_NAME)";
				TEST_HOST = "$(BUILT_PRODUCTS_DIR)/NSURLConnection.app/NSURLConnection";
			};
			name = Debug;
		};
		0BB35C991CBE17F900E0E80F /* Release */ = {
			isa = XCBuildConfiguration;
			buildSettings = {
				BUNDLE_LOADER = "$(TEST_HOST)";
				INFOPLIST_FILE = NSURLConnectionTests/Info.plist;
				LD_RUNPATH_SEARCH_PATHS = "$(inherited) @executable_path/Frameworks @loader_path/Frameworks";
				PRODUCT_BUNDLE_IDENTIFIER = com.lcs.www.NSURLConnectionTests;
				PRODUCT_NAME = "$(TARGET_NAME)";
				TEST_HOST = "$(BUILT_PRODUCTS_DIR)/NSURLConnection.app/NSURLConnection";
			};
			name = Release;
		};
		0BB35C9B1CBE17F900E0E80F /* Debug */ = {
			isa = XCBuildConfiguration;
			buildSettings = {
				INFOPLIST_FILE = NSURLConnectionUITests/Info.plist;
				LD_RUNPATH_SEARCH_PATHS = "$(inherited) @executable_path/Frameworks @loader_path/Frameworks";
				PRODUCT_BUNDLE_IDENTIFIER = com.lcs.www.NSURLConnectionUITests;
				PRODUCT_NAME = "$(TARGET_NAME)";
				TEST_TARGET_NAME = NSURLConnection;
			};
			name = Debug;
		};
		0BB35C9C1CBE17F900E0E80F /* Release */ = {
			isa = XCBuildConfiguration;
			buildSettings = {
				INFOPLIST_FILE = NSURLConnectionUITests/Info.plist;
				LD_RUNPATH_SEARCH_PATHS = "$(inherited) @executable_path/Frameworks @loader_path/Frameworks";
				PRODUCT_BUNDLE_IDENTIFIER = com.lcs.www.NSURLConnectionUITests;
				PRODUCT_NAME = "$(TARGET_NAME)";
				TEST_TARGET_NAME = NSURLConnection;
			};
			name = Release;
		};
/* End XCBuildConfiguration section */

/* Begin XCConfigurationList section */
		0BB35C621CBE17F800E0E80F /* Build configuration list for PBXProject "NSURLConnection" */ = {
			isa = XCConfigurationList;
			buildConfigurations = (
				0BB35C921CBE17F900E0E80F /* Debug */,
				0BB35C931CBE17F900E0E80F /* Release */,
			);
			defaultConfigurationIsVisible = 0;
			defaultConfigurationName = Release;
		};
		0BB35C941CBE17F900E0E80F /* Build configuration list for PBXNativeTarget "NSURLConnection" */ = {
			isa = XCConfigurationList;
			buildConfigurations = (
				0BB35C951CBE17F900E0E80F /* Debug */,
				0BB35C961CBE17F900E0E80F /* Release */,
			);
			defaultConfigurationIsVisible = 0;
		};
		0BB35C971CBE17F900E0E80F /* Build configuration list for PBXNativeTarget "NSURLConnectionTests" */ = {
			isa = XCConfigurationList;
			buildConfigurations = (
				0BB35C981CBE17F900E0E80F /* Debug */,
				0BB35C991CBE17F900E0E80F /* Release */,
			);
			defaultConfigurationIsVisible = 0;
		};
		0BB35C9A1CBE17F900E0E80F /* Build configuration list for PBXNativeTarget "NSURLConnectionUITests" */ = {
			isa = XCConfigurationList;
			buildConfigurations = (
				0BB35C9B1CBE17F900E0E80F /* Debug */,
				0BB35C9C1CBE17F900E0E80F /* Release */,
			);
			defaultConfigurationIsVisible = 0;
		};
/* End XCConfigurationList section */
	};
	rootObject = 0BB35C5F1CBE17F800E0E80F /* Project object */;
}
